
Microsoft Visual Studio Solution File, Format Version 12.00
# Visual Studio Version 17
VisualStudioVersion = 17.10.35122.118
MinimumVisualStudioVersion = 10.0.40219.1
Project("{F184B08F-C81C-45F6-A57F-5ABD9991F28F}") = "Practicas", "Practicas\Practicas.vbproj", "{31B8BE06-BC69-498B-8E90-7375F88C4162}"
EndProject
Global
	GlobalSection(SolutionConfigurationPlatforms) = preSolution
		Debug|Any CPU = Debug|Any CPU
		Release|Any CPU = Release|Any CPU
	EndGlobalSection
	GlobalSection(ProjectConfigurationPlatforms) = postSolution
		{31B8BE06-BC69-498B-8E90-7375F88C4162}.Debug|Any CPU.ActiveCfg = Debug|Any CPU
		{31B8BE06-BC69-498B-8E90-7375F88C4162}.Debug|Any CPU.Build.0 = Debug|Any CPU
		{31B8BE06-BC69-498B-8E90-7375F88C4162}.Release|Any CPU.ActiveCfg = Release|Any CPU
		{31B8BE06-BC69-498B-8E90-7375F88C4162}.Release|Any CPU.Build.0 = Release|Any CPU
	EndGlobalSection
	GlobalSection(SolutionProperties) = preSolution
		HideSolutionNode = FALSE
	EndGlobalSection
	GlobalSection(ExtensibilityGlobals) = postSolution
		SolutionGuid = {215DDFD4-BCBD-479B-8AB2-43CB1087FFC4}
	EndGlobalSection
EndGlobal
